
Microsoft Visual Studio Solution File, Format Version 12.00
# Visual Studio Version 17
VisualStudioVersion = 17.0.32014.148
MinimumVisualStudioVersion = 10.0.40219.1
Project("{FAE04EC0-301F-11D3-BF4B-00C04F79EFBC}") = "MatchGame", "MatchGame\MatchGame.csproj", "{75C66F27-AD03-4A68-B23C-CDF3B069F3CB}"
EndProject
Global
	GlobalSection(SolutionConfigurationPlatforms) = preSolution
		Debug|Any CPU = Debug|Any CPU
		Release|Any CPU = Release|Any CPU
	EndGlobalSection
	GlobalSection(ProjectConfigurationPlatforms) = postSolution
		{75C66F27-AD03-4A68-B23C-CDF3B069F3CB}.Debug|Any CPU.ActiveCfg = Debug|Any CPU
		{75C66F27-AD03-4A68-B23C-CDF3B069F3CB}.Debug|Any CPU.Build.0 = Debug|Any CPU
		{75C66F27-AD03-4A68-B23C-CDF3B069F3CB}.Release|Any CPU.ActiveCfg = Release|Any CPU
		{75C66F27-AD03-4A68-B23C-CDF3B069F3CB}.Release|Any CPU.Build.0 = Release|Any CPU
	EndGlobalSection
	GlobalSection(SolutionProperties) = preSolution
		HideSolutionNode = FALSE
	EndGlobalSection
	GlobalSection(ExtensibilityGlobals) = postSolution
		SolutionGuid = {17FD71E2-34AF-4F74-A63B-6F6DE4D3688F}
	EndGlobalSection
EndGlobal
